<?xml version="1.0" encoding="utf-8"?>
<Project ToolsVersion="4.0" xmlns="http://schemas.microsoft.com/developer/msbuild/2003">
  <ItemGroup>
    <Filter Include="Source Files">
      <UniqueIdentifier>{4FC737F1-C7A5-4376-A066-2A32D752A2FF}</UniqueIdentifier>
      <Extensions>cpp;c;cc;cxx;c++;cppm;ixx;def;odl;idl;hpj;bat;asm;asmx</Extensions>
    </Filter>
    <Filter Include="Header Files">
      <UniqueIdentifier>{93995380-89BD-4b04-88EB-625FBE52EBFB}</UniqueIdentifier>
      <Extensions>h;hh;hpp;hxx;h++;hm;inl;inc;ipp;xsd</Extensions>
    </Filter>
    <Filter Include="Resource Files">
      <UniqueIdentifier>{67DA6AB6-F800-4c08-8B7A-83BB121AAD01}</UniqueIdentifier>
      <Extensions>rc;ico;cur;bmp;dlg;rc2;rct;bin;rgs;gif;jpg;jpeg;jpe;resx;tiff;tif;png;wav;mfcribbon-ms</Extensions>
    </Filter>
    <Filter Include="Source Files\World_generation">
      <UniqueIdentifier>{e1f6b1d1-be99-4b0b-bc4e-38ad4371564a}</UniqueIdentifier>
    </Filter>
    <Filter Include="Source Files\Camera">
      <UniqueIdentifier>{6df4e7a2-f2f9-4e14-af6e-6aaa6d827cf9}</UniqueIdentifier>
    </Filter>
    <Filter Include="Source Files\Player">
      <UniqueIdentifier>{ecda5e48-ec03-4026-8a91-214f6ab4fd80}</UniqueIdentifier>
    </Filter>
    <Filter Include="Source Files\Game">
      <UniqueIdentifier>{65baff2f-101b-4ecf-b9f2-8234619a0de2}</UniqueIdentifier>
    </Filter>
    <Filter Include="Tools">
      <UniqueIdentifier>{884f3ebb-7292-4e68-beca-3d626f8be2dc}</UniqueIdentifier>
    </Filter>
    <Filter Include="Source Files\Crafting_system">
      <UniqueIdentifier>{bb5956d2-7e3c-4d07-9a13-4c58a9ada321}</UniqueIdentifier>
    </Filter>
    <Filter Include="Source Files\Inventory_system">
      <UniqueIdentifier>{375a3ce0-502c-4db5-a77c-fd7fb2011617}</UniqueIdentifier>
    </Filter>
    <Filter Include="Source Files\Buildings">
      <UniqueIdentifier>{5008ceef-1335-4707-a0ff-a112b756ac41}</UniqueIdentifier>
    </Filter>
  </ItemGroup>
  <ItemGroup>
    <ClCompile Include="inventory.c">
      <Filter>Source Files\Inventory_system</Filter>
    </ClCompile>
    <ClCompile Include="perlin_noise.c">
      <Filter>Source Files\World_generation</Filter>
    </ClCompile>
    <ClCompile Include="world.c">
      <Filter>Source Files\World_generation</Filter>
    </ClCompile>
    <ClCompile Include="item.c">
      <Filter>Source Files\Inventory_system</Filter>
    </ClCompile>
    <ClCompile Include="player.c">
      <Filter>Source Files\Player</Filter>
    </ClCompile>
    <ClCompile Include="world.h">
      <Filter>Source Files\World_generation</Filter>
    </ClCompile>
    <ClCompile Include="camera.c">
      <Filter>Source Files\Camera</Filter>
    </ClCompile>
    <ClCompile Include="game.c">
      <Filter>Source Files\Game</Filter>
    </ClCompile>
    <ClCompile Include="tools.c">
      <Filter>Tools</Filter>
    </ClCompile>
    <ClCompile Include="main.c">
      <Filter>Source Files\Game</Filter>
    </ClCompile>
    <ClCompile Include="recipes.c">
      <Filter>Source Files\Crafting_system</Filter>
    </ClCompile>
    <ClCompile Include="cJSON.c">
      <Filter>Tools</Filter>
    </ClCompile>
    <ClCompile Include="crafting.c">
      <Filter>Source Files\Buildings</Filter>
    </ClCompile>
  </ItemGroup>
  <ItemGroup>
    <ClInclude Include="player.h">
      <Filter>Source Files\Player</Filter>
    </ClInclude>
    <ClInclude Include="perlin_noise.h">
      <Filter>Source Files\World_generation</Filter>
    </ClInclude>
    <ClInclude Include="inventory.h">
      <Filter>Source Files\Inventory_system</Filter>
    </ClInclude>
    <ClInclude Include="item.h">
      <Filter>Source Files\Inventory_system</Filter>
    </ClInclude>
    <ClInclude Include="camera.h">
      <Filter>Source Files\Camera</Filter>
    </ClInclude>
    <ClInclude Include="game.h">
      <Filter>Source Files\Game</Filter>
    </ClInclude>
    <ClInclude Include="tools.h">
      <Filter>Tools</Filter>
    </ClInclude>
    <ClInclude Include="recipes.h">
      <Filter>Source Files\Crafting_system</Filter>
    </ClInclude>
    <ClInclude Include="constants.h">
      <Filter>Source Files\Game</Filter>
    </ClInclude>
    <ClInclude Include="cJSON.h">
      <Filter>Tools</Filter>
    </ClInclude>
    <ClInclude Include="crafting.h">
      <Filter>Source Files\Buildings</Filter>
    </ClInclude>
  </ItemGroup>
  <ItemGroup>
    <None Include="recipes.json">
      <Filter>Source Files\Crafting_system</Filter>
    </None>
  </ItemGroup>
</Project>